[[package]]
name = "appdirs"
version = "1.4.4"
description = "A small Python module for determining appropriate platform-specific dirs, e.g. a \"user data dir\"."
category = "main"
optional = false
python-versions = "*"

[[package]]
name = "click"
version = "8.1.3"
description = "Composable command line interface toolkit"
category = "main"
optional = false
python-versions = ">=3.7"

[package.dependencies]
colorama = {version = "*", markers = "platform_system == \"Windows\""}

[[package]]
name = "colorama"
version = "0.4.5"
description = "Cross-platform colored terminal text."
category = "main"
optional = false
python-versions = ">=2.7, !=3.0.*, !=3.1.*, !=3.2.*, !=3.3.*, !=3.4.*"

[[package]]
name = "loguru"
version = "0.6.0"
description = "Python logging made (stupidly) simple"
category = "main"
optional = false
python-versions = ">=3.5"

[package.dependencies]
colorama = {version = ">=0.3.4", markers = "sys_platform == \"win32\""}
win32-setctime = {version = ">=1.0.0", markers = "sys_platform == \"win32\""}

[package.extras]
dev = ["colorama (>=0.3.4)", "docutils (==0.16)", "flake8 (>=3.7.7)", "tox (>=3.9.0)", "pytest (>=4.6.2)", "pytest-cov (>=2.7.1)", "black (>=19.10b0)", "isort (>=5.1.1)", "Sphinx (>=4.1.1)", "sphinx-autobuild (>=0.7.1)", "sphinx-rtd-theme (>=0.4.3)"]

[[package]]
name = "numpy"
version = "1.23.4"
description = "NumPy is the fundamental package for array computing with Python."
category = "main"
optional = false
python-versions = ">=3.8"

[[package]]
name = "opencv-python"
version = "4.6.0.66"
description = "Wrapper package for OpenCV python bindings."
category = "main"
optional = false
python-versions = ">=3.6"

[package.dependencies]
numpy = [
    {version = ">=1.21.2", markers = "python_version >= \"3.10\" or python_version >= \"3.6\" and platform_system == \"Darwin\" and platform_machine == \"arm64\""},
    {version = ">=1.19.3", markers = "python_version >= \"3.6\" and platform_system == \"Linux\" and platform_machine == \"aarch64\" or python_version >= \"3.9\""},
    {version = ">=1.14.5", markers = "python_version >= \"3.7\""},
    {version = ">=1.17.3", markers = "python_version >= \"3.8\""},
]

[[package]]
name = "pandas"
version = "1.5.3"
description = "Powerful data structures for data analysis, time series, and statistics"
category = "main"
optional = false
python-versions = ">=3.8"

[package.dependencies]
numpy = [
    {version = ">=1.20.3", markers = "python_version < \"3.10\""},
    {version = ">=1.21.0", markers = "python_version >= \"3.10\""},
    {version = ">=1.23.2", markers = "python_version >= \"3.11\""},
]
python-dateutil = ">=2.8.1"
pytz = ">=2020.1"

[package.extras]
test = ["hypothesis (>=5.5.3)", "pytest (>=6.0)", "pytest-xdist (>=1.31)"]

[[package]]
name = "python-dateutil"
version = "2.8.2"
description = "Extensions to the standard Python datetime module"
category = "main"
optional = false
python-versions = "!=3.0.*,!=3.1.*,!=3.2.*,>=2.7"

[package.dependencies]
six = ">=1.5"

[[package]]
name = "pytz"
version = "2022.7.1"
description = "World timezone definitions, modern and historical"
category = "main"
optional = false
python-versions = "*"

[[package]]
name = "scenedetect"
version = "0.6.1"
description = "Video scene cut/shot detection program and Python library."
category = "main"
optional = false
python-versions = ">=3.6"

[package.dependencies]
appdirs = "*"
Click = "*"
numpy = "*"
opencv-python = {version = "*", optional = true, markers = "extra == \"opencv\""}
tqdm = "*"

[package.extras]
moviepy = ["moviepy"]
opencv = ["opencv-python"]
opencv-headless = ["opencv-python-headless"]
pyav = ["av"]

[[package]]
name = "six"
version = "1.16.0"
description = "Python 2 and 3 compatibility utilities"
category = "main"
optional = false
python-versions = ">=2.7, !=3.0.*, !=3.1.*, !=3.2.*"

[[package]]
name = "tqdm"
version = "4.64.1"
description = "Fast, Extensible Progress Meter"
category = "main"
optional = false
python-versions = "!=3.0.*,!=3.1.*,!=3.2.*,!=3.3.*,>=2.7"

[package.dependencies]
colorama = {version = "*", markers = "platform_system == \"Windows\""}

[package.extras]
dev = ["py-make (>=0.1.0)", "twine", "wheel"]
notebook = ["ipywidgets (>=6)"]
slack = ["slack-sdk"]
telegram = ["requests"]

[[package]]
name = "win32-setctime"
version = "1.1.0"
description = "A small Python utility to set file creation time on Windows"
category = "main"
optional = false
python-versions = ">=3.5"

[package.extras]
dev = ["pytest (>=4.6.2)", "black (>=19.3b0)"]

[metadata]
lock-version = "1.1"
python-versions = "^3.8"
content-hash = "09ba78b2c7b5086095327af77246f898469839d1381f5d9bacb902d5743eeb13"

[metadata.files]
appdirs = []
click = []
colorama = []
loguru = []
numpy = []
opencv-python = []
pandas = []
python-dateutil = []
pytz = []
scenedetect = []
six = []
tqdm = []
win32-setctime = []
