-e file:///home/ssfdust/Programming/develop/python/python-orbuculum-bad
bleach==6.0.0
build==0.10.0
cachetools==5.3.0
certifi==2022.12.7
cffi==1.15.1
charset-normalizer==3.1.0
cryptography==40.0.2
docutils==0.19
google-api-core==2.11.0
google-auth==2.17.3
googleapis-common-protos==1.59.0
grpc-requests==0.1.10
grpcio==1.54.0
grpcio-reflection==1.54.0
idna==3.4
importlib-metadata==6.6.0
jaraco-classes==3.2.3
jeepney==0.8.0
keyring==23.13.1
markdown-it-py==2.2.0
mdurl==0.1.2
more-itertools==9.1.0
packaging==23.1
pkginfo==1.9.6
protobuf==4.21.12
pyasn1==0.5.0
pyasn1-modules==0.3.0
pycparser==2.21
pygments==2.15.1
pyproject-hooks==1.0.0
readme-renderer==37.3
requests==2.28.2
requests-toolbelt==0.10.1
rfc3986==2.0.0
rich==13.3.4
rsa==4.9
secretstorage==3.3.3
six==1.16.0
tomli==2.0.1
twine==4.0.2
urllib3==1.26.15
webencodings==0.5.1
zipp==3.15.0
